
Microsoft Visual Studio Solution File, Format Version 12.00
# Visual Studio Version 16
VisualStudioVersion = 16.0.29102.190
MinimumVisualStudioVersion = 10.0.40219.1
Project("{FAE04EC0-301F-11D3-BF4B-00C04F79EFBC}") = "Monitoria", "Monitoria\Monitoria.csproj", "{5F623688-F5B8-4931-B7AB-A6CA86C9A7CB}"
EndProject
Global
	GlobalSection(SolutionConfigurationPlatforms) = preSolution
		Debug|Any CPU = Debug|Any CPU
		Release|Any CPU = Release|Any CPU
	EndGlobalSection
	GlobalSection(ProjectConfigurationPlatforms) = postSolution
		{5F623688-F5B8-4931-B7AB-A6CA86C9A7CB}.Debug|Any CPU.ActiveCfg = Debug|Any CPU
		{5F623688-F5B8-4931-B7AB-A6CA86C9A7CB}.Debug|Any CPU.Build.0 = Debug|Any CPU
		{5F623688-F5B8-4931-B7AB-A6CA86C9A7CB}.Release|Any CPU.ActiveCfg = Release|Any CPU
		{5F623688-F5B8-4931-B7AB-A6CA86C9A7CB}.Release|Any CPU.Build.0 = Release|Any CPU
	EndGlobalSection
	GlobalSection(SolutionProperties) = preSolution
		HideSolutionNode = FALSE
	EndGlobalSection
	GlobalSection(ExtensibilityGlobals) = postSolution
		SolutionGuid = {7E85249F-A283-4C90-A522-8B1C0C0A5622}
	EndGlobalSection
EndGlobal
